
Microsoft Visual Studio Solution File, Format Version 12.00
# Visual Studio Version 17
VisualStudioVersion = 17.14.36310.24
MinimumVisualStudioVersion = 10.0.40219.1
Project("{FAE04EC0-301F-11D3-BF4B-00C04F79EFBC}") = "Alphicsh.Applikite.Core", "Alphicsh.Applikite.Core\Alphicsh.Applikite.Core.csproj", "{E3D0AD46-2D78-4B8D-BA23-035DBBBA9AAE}"
EndProject
Project("{2150E333-8FDC-42A3-9474-1A3956D46DE8}") = "Tests", "Tests", "{02EA681E-C7D8-13C7-8484-4AC65E1B71E8}"
EndProject
Project("{2150E333-8FDC-42A3-9474-1A3956D46DE8}") = "Library", "Library", "{11821E21-E01D-4121-B91F-1CF73C23830A}"
EndProject
Project("{FAE04EC0-301F-11D3-BF4B-00C04F79EFBC}") = "Alphicsh.Applikite.Files.Tests", "Tests\Alphicsh.Applikite.Files.Tests\Alphicsh.Applikite.Files.Tests.csproj", "{CCDD9469-C9BD-48A5-AA37-891FAAE3DA14}"
EndProject
Project("{FAE04EC0-301F-11D3-BF4B-00C04F79EFBC}") = "Alphicsh.Applikite.ViewModels", "Library\Alphicsh.Applikite.ViewModels\Alphicsh.Applikite.ViewModels.csproj", "{67EA46AA-8A9E-496F-83A6-2FBD6394F2BA}"
EndProject
Project("{FAE04EC0-301F-11D3-BF4B-00C04F79EFBC}") = "Alphicsh.Applikite.Models.Tests", "Tests\Alphicsh.Applikite.Models.Tests\Alphicsh.Applikite.Models.Tests.csproj", "{6B3B9ECB-A237-4A4E-A103-9B304C7CA695}"
EndProject
Project("{FAE04EC0-301F-11D3-BF4B-00C04F79EFBC}") = "Alphicsh.Applikite.ViewModels.Tests", "Tests\Alphicsh.Applikite.ViewModels.Tests\Alphicsh.Applikite.ViewModels.Tests.csproj", "{7C26ED0E-1A9D-4DD2-8E0E-B865B8A9EA82}"
EndProject
Project("{2150E333-8FDC-42A3-9474-1A3956D46DE8}") = "Demo", "Demo", "{45B318A4-A6BD-4629-9277-BF9EB452A06F}"
EndProject
Project("{FAE04EC0-301F-11D3-BF4B-00C04F79EFBC}") = "Alphicsh.Applikite.Demo", "Demo\Alphicsh.Applikite.Demo\Alphicsh.Applikite.Demo.csproj", "{CB3AEA0D-6CF0-49E8-BB3D-4EA2C2314FE1}"
EndProject
Project("{FAE04EC0-301F-11D3-BF4B-00C04F79EFBC}") = "Alphicsh.Applikite.ViewModels.Avalonia", "Library\Alphicsh.Applikite.ViewModels.Avalonia\Alphicsh.Applikite.ViewModels.Avalonia.csproj", "{4D19D6B2-1D10-4DAD-B00C-6EFF1A9D9A63}"
EndProject
Project("{FAE04EC0-301F-11D3-BF4B-00C04F79EFBC}") = "Alphicsh.Applikite.Controls.Avalonia", "Library\Alphicsh.Applikite.Controls.Avalonia\Alphicsh.Applikite.Controls.Avalonia.csproj", "{C3F8AAC6-B6B9-4A59-9637-671326AB5424}"
EndProject
Global
	GlobalSection(SolutionConfigurationPlatforms) = preSolution
		Debug|Any CPU = Debug|Any CPU
		Release|Any CPU = Release|Any CPU
	EndGlobalSection
	GlobalSection(ProjectConfigurationPlatforms) = postSolution
		{E3D0AD46-2D78-4B8D-BA23-035DBBBA9AAE}.Debug|Any CPU.ActiveCfg = Debug|Any CPU
		{E3D0AD46-2D78-4B8D-BA23-035DBBBA9AAE}.Debug|Any CPU.Build.0 = Debug|Any CPU
		{E3D0AD46-2D78-4B8D-BA23-035DBBBA9AAE}.Release|Any CPU.ActiveCfg = Release|Any CPU
		{E3D0AD46-2D78-4B8D-BA23-035DBBBA9AAE}.Release|Any CPU.Build.0 = Release|Any CPU
		{CCDD9469-C9BD-48A5-AA37-891FAAE3DA14}.Debug|Any CPU.ActiveCfg = Debug|Any CPU
		{CCDD9469-C9BD-48A5-AA37-891FAAE3DA14}.Debug|Any CPU.Build.0 = Debug|Any CPU
		{CCDD9469-C9BD-48A5-AA37-891FAAE3DA14}.Release|Any CPU.ActiveCfg = Release|Any CPU
		{CCDD9469-C9BD-48A5-AA37-891FAAE3DA14}.Release|Any CPU.Build.0 = Release|Any CPU
		{67EA46AA-8A9E-496F-83A6-2FBD6394F2BA}.Debug|Any CPU.ActiveCfg = Debug|Any CPU
		{67EA46AA-8A9E-496F-83A6-2FBD6394F2BA}.Debug|Any CPU.Build.0 = Debug|Any CPU
		{67EA46AA-8A9E-496F-83A6-2FBD6394F2BA}.Release|Any CPU.ActiveCfg = Release|Any CPU
		{67EA46AA-8A9E-496F-83A6-2FBD6394F2BA}.Release|Any CPU.Build.0 = Release|Any CPU
		{6B3B9ECB-A237-4A4E-A103-9B304C7CA695}.Debug|Any CPU.ActiveCfg = Debug|Any CPU
		{6B3B9ECB-A237-4A4E-A103-9B304C7CA695}.Debug|Any CPU.Build.0 = Debug|Any CPU
		{6B3B9ECB-A237-4A4E-A103-9B304C7CA695}.Release|Any CPU.ActiveCfg = Release|Any CPU
		{6B3B9ECB-A237-4A4E-A103-9B304C7CA695}.Release|Any CPU.Build.0 = Release|Any CPU
		{7C26ED0E-1A9D-4DD2-8E0E-B865B8A9EA82}.Debug|Any CPU.ActiveCfg = Debug|Any CPU
		{7C26ED0E-1A9D-4DD2-8E0E-B865B8A9EA82}.Debug|Any CPU.Build.0 = Debug|Any CPU
		{7C26ED0E-1A9D-4DD2-8E0E-B865B8A9EA82}.Release|Any CPU.ActiveCfg = Release|Any CPU
		{7C26ED0E-1A9D-4DD2-8E0E-B865B8A9EA82}.Release|Any CPU.Build.0 = Release|Any CPU
		{CB3AEA0D-6CF0-49E8-BB3D-4EA2C2314FE1}.Debug|Any CPU.ActiveCfg = Debug|Any CPU
		{CB3AEA0D-6CF0-49E8-BB3D-4EA2C2314FE1}.Debug|Any CPU.Build.0 = Debug|Any CPU
		{CB3AEA0D-6CF0-49E8-BB3D-4EA2C2314FE1}.Release|Any CPU.ActiveCfg = Release|Any CPU
		{CB3AEA0D-6CF0-49E8-BB3D-4EA2C2314FE1}.Release|Any CPU.Build.0 = Release|Any CPU
		{4D19D6B2-1D10-4DAD-B00C-6EFF1A9D9A63}.Debug|Any CPU.ActiveCfg = Debug|Any CPU
		{4D19D6B2-1D10-4DAD-B00C-6EFF1A9D9A63}.Debug|Any CPU.Build.0 = Debug|Any CPU
		{4D19D6B2-1D10-4DAD-B00C-6EFF1A9D9A63}.Release|Any CPU.ActiveCfg = Release|Any CPU
		{4D19D6B2-1D10-4DAD-B00C-6EFF1A9D9A63}.Release|Any CPU.Build.0 = Release|Any CPU
		{C3F8AAC6-B6B9-4A59-9637-671326AB5424}.Debug|Any CPU.ActiveCfg = Debug|Any CPU
		{C3F8AAC6-B6B9-4A59-9637-671326AB5424}.Debug|Any CPU.Build.0 = Debug|Any CPU
		{C3F8AAC6-B6B9-4A59-9637-671326AB5424}.Release|Any CPU.ActiveCfg = Release|Any CPU
		{C3F8AAC6-B6B9-4A59-9637-671326AB5424}.Release|Any CPU.Build.0 = Release|Any CPU
	EndGlobalSection
	GlobalSection(SolutionProperties) = preSolution
		HideSolutionNode = FALSE
	EndGlobalSection
	GlobalSection(NestedProjects) = preSolution
		{E3D0AD46-2D78-4B8D-BA23-035DBBBA9AAE} = {11821E21-E01D-4121-B91F-1CF73C23830A}
		{CCDD9469-C9BD-48A5-AA37-891FAAE3DA14} = {02EA681E-C7D8-13C7-8484-4AC65E1B71E8}
		{67EA46AA-8A9E-496F-83A6-2FBD6394F2BA} = {11821E21-E01D-4121-B91F-1CF73C23830A}
		{6B3B9ECB-A237-4A4E-A103-9B304C7CA695} = {02EA681E-C7D8-13C7-8484-4AC65E1B71E8}
		{7C26ED0E-1A9D-4DD2-8E0E-B865B8A9EA82} = {02EA681E-C7D8-13C7-8484-4AC65E1B71E8}
		{CB3AEA0D-6CF0-49E8-BB3D-4EA2C2314FE1} = {45B318A4-A6BD-4629-9277-BF9EB452A06F}
		{4D19D6B2-1D10-4DAD-B00C-6EFF1A9D9A63} = {11821E21-E01D-4121-B91F-1CF73C23830A}
		{C3F8AAC6-B6B9-4A59-9637-671326AB5424} = {11821E21-E01D-4121-B91F-1CF73C23830A}
	EndGlobalSection
	GlobalSection(ExtensibilityGlobals) = postSolution
		SolutionGuid = {3FAC1C99-6CC7-4FC1-9168-CE3D100054DB}
	EndGlobalSection
EndGlobal
